
Microsoft Visual Studio Solution File, Format Version 12.00
# Visual Studio Version 16
VisualStudioVersion = 16.0.30804.86
MinimumVisualStudioVersion = 10.0.40219.1
Project("{FAE04EC0-301F-11D3-BF4B-00C04F79EFBC}") = "MVCProject", "MVCProject\MVCProject.csproj", "{BE14B7EF-C4DF-4665-8792-3F202E46876C}"
EndProject
Global
	GlobalSection(SolutionConfigurationPlatforms) = preSolution
		Debug|Any CPU = Debug|Any CPU
		Release|Any CPU = Release|Any CPU
	EndGlobalSection
	GlobalSection(ProjectConfigurationPlatforms) = postSolution
		{BE14B7EF-C4DF-4665-8792-3F202E46876C}.Debug|Any CPU.ActiveCfg = Debug|Any CPU
		{BE14B7EF-C4DF-4665-8792-3F202E46876C}.Debug|Any CPU.Build.0 = Debug|Any CPU
		{BE14B7EF-C4DF-4665-8792-3F202E46876C}.Release|Any CPU.ActiveCfg = Release|Any CPU
		{BE14B7EF-C4DF-4665-8792-3F202E46876C}.Release|Any CPU.Build.0 = Release|Any CPU
	EndGlobalSection
	GlobalSection(SolutionProperties) = preSolution
		HideSolutionNode = FALSE
	EndGlobalSection
	GlobalSection(ExtensibilityGlobals) = postSolution
		SolutionGuid = {4ACAD6B6-320E-4979-B136-147B662720B2}
	EndGlobalSection
EndGlobal
